
Microsoft Visual Studio Solution File, Format Version 12.00
# Visual Studio 15
Project("{FAE04EC0-301F-11D3-BF4B-00C04F79EFBC}") = "Assembly-CSharp", "Assembly-CSharp.csproj", "{2C8F8C58-E70F-D7DD-1BAD-578C1D882156}"
EndProject
Project("{FAE04EC0-301F-11D3-BF4B-00C04F79EFBC}") = "Assembly-CSharp-Editor", "Assembly-CSharp-Editor.csproj", "{C0157219-E9E9-EAB2-367F-ECB4AD60E547}"
EndProject
Global
	GlobalSection(SolutionConfigurationPlatforms) = preSolution
		Debug|Any CPU = Debug|Any CPU
		Release|Any CPU = Release|Any CPU
	EndGlobalSection
	GlobalSection(ProjectConfigurationPlatforms) = postSolution
		{2C8F8C58-E70F-D7DD-1BAD-578C1D882156}.Debug|Any CPU.ActiveCfg = Debug|Any CPU
		{2C8F8C58-E70F-D7DD-1BAD-578C1D882156}.Debug|Any CPU.Build.0 = Debug|Any CPU
		{2C8F8C58-E70F-D7DD-1BAD-578C1D882156}.Release|Any CPU.ActiveCfg = Release|Any CPU
		{2C8F8C58-E70F-D7DD-1BAD-578C1D882156}.Release|Any CPU.Build.0 = Release|Any CPU
		{C0157219-E9E9-EAB2-367F-ECB4AD60E547}.Debug|Any CPU.ActiveCfg = Debug|Any CPU
		{C0157219-E9E9-EAB2-367F-ECB4AD60E547}.Debug|Any CPU.Build.0 = Debug|Any CPU
		{C0157219-E9E9-EAB2-367F-ECB4AD60E547}.Release|Any CPU.ActiveCfg = Release|Any CPU
		{C0157219-E9E9-EAB2-367F-ECB4AD60E547}.Release|Any CPU.Build.0 = Release|Any CPU
	EndGlobalSection
	GlobalSection(SolutionProperties) = preSolution
		HideSolutionNode = FALSE
	EndGlobalSection
EndGlobal
